
Microsoft Visual Studio Solution File, Format Version 12.00
# Visual Studio 15
VisualStudioVersion = 15.0.28307.1927
MinimumVisualStudioVersion = 10.0.40219.1
Project("{F184B08F-C81C-45F6-A57F-5ABD9991F28F}") = "Project1", "Project1\Project1.vbproj", "{FBF7ADF9-6D52-4289-AF95-2CCEAEB99BE8}"
EndProject
Global
	GlobalSection(SolutionConfigurationPlatforms) = preSolution
		Debug|Any CPU = Debug|Any CPU
		Release|Any CPU = Release|Any CPU
	EndGlobalSection
	GlobalSection(ProjectConfigurationPlatforms) = postSolution
		{FBF7ADF9-6D52-4289-AF95-2CCEAEB99BE8}.Debug|Any CPU.ActiveCfg = Debug|Any CPU
		{FBF7ADF9-6D52-4289-AF95-2CCEAEB99BE8}.Debug|Any CPU.Build.0 = Debug|Any CPU
		{FBF7ADF9-6D52-4289-AF95-2CCEAEB99BE8}.Release|Any CPU.ActiveCfg = Release|Any CPU
		{FBF7ADF9-6D52-4289-AF95-2CCEAEB99BE8}.Release|Any CPU.Build.0 = Release|Any CPU
	EndGlobalSection
	GlobalSection(SolutionProperties) = preSolution
		HideSolutionNode = FALSE
	EndGlobalSection
	GlobalSection(ExtensibilityGlobals) = postSolution
		SolutionGuid = {5A070B22-6444-4226-8D5A-0C6D0EE89CC1}
	EndGlobalSection
EndGlobal
