
Microsoft Visual Studio Solution File, Format Version 12.00
# Visual Studio 15
VisualStudioVersion = 15.0.28307.1927
MinimumVisualStudioVersion = 10.0.40219.1
Project("{FAE04EC0-301F-11D3-BF4B-00C04F79EFBC}") = "ConsoleApp1", "ConsoleApp1\ConsoleApp1.csproj", "{EB2D1C41-9C6B-49AB-9BE5-E434278F6226}"
EndProject
Global
	GlobalSection(SolutionConfigurationPlatforms) = preSolution
		Debug|Any CPU = Debug|Any CPU
		Release|Any CPU = Release|Any CPU
	EndGlobalSection
	GlobalSection(ProjectConfigurationPlatforms) = postSolution
		{EB2D1C41-9C6B-49AB-9BE5-E434278F6226}.Debug|Any CPU.ActiveCfg = Debug|Any CPU
		{EB2D1C41-9C6B-49AB-9BE5-E434278F6226}.Debug|Any CPU.Build.0 = Debug|Any CPU
		{EB2D1C41-9C6B-49AB-9BE5-E434278F6226}.Release|Any CPU.ActiveCfg = Release|Any CPU
		{EB2D1C41-9C6B-49AB-9BE5-E434278F6226}.Release|Any CPU.Build.0 = Release|Any CPU
	EndGlobalSection
	GlobalSection(SolutionProperties) = preSolution
		HideSolutionNode = FALSE
	EndGlobalSection
	GlobalSection(ExtensibilityGlobals) = postSolution
		SolutionGuid = {2A54075A-43CD-498F-B15E-F212CEB28856}
	EndGlobalSection
EndGlobal
